# THIS IS AN AUTOGENERATED FILE. DO NOT EDIT THIS FILE DIRECTLY.
# yarn lockfile v1


"@playwright/test@^1.26.1":
  version "1.26.1"
  resolved "https://registry.yarnpkg.com/@playwright/test/-/test-1.26.1.tgz#73ada4e70f618bca69ba7509c4ba65b5a41c4b10"
  integrity sha512-bNxyZASVt2adSZ9gbD7NCydzcb5JaI0OR9hc7s+nmPeH604gwp0zp17NNpwXY4c8nvuBGQQ9oGDx72LE+cUWvw==
  dependencies:
    "@types/node" "*"
    playwright-core "1.26.1"

"@types/node@*":
  version "18.7.23"
  resolved "https://registry.yarnpkg.com/@types/node/-/node-18.7.23.tgz#75c580983846181ebe5f4abc40fe9dfb2d65665f"
  integrity sha512-DWNcCHolDq0ZKGizjx2DZjR/PqsYwAcYUJmfMWqtVU2MBMG5Mo+xFZrhGId5r/O5HOuMPyQEcM6KUBp5lBZZBg==

playwright-core@1.26.1:
  version "1.26.1"
  resolved "https://registry.yarnpkg.com/playwright-core/-/playwright-core-1.26.1.tgz#a162f476488312dcf12638d97685144de6ada512"
  integrity sha512-hzFchhhxnEiPc4qVPs9q2ZR+5eKNifY2hQDHtg1HnTTUuphYCBP8ZRb2si+B1TR7BHirgXaPi48LIye5SgrLAA==
